
Microsoft Visual Studio Solution File, Format Version 12.00
# Visual Studio Version 16
VisualStudioVersion = 16.0.29409.12
MinimumVisualStudioVersion = 10.0.40219.1
Project("{FAE04EC0-301F-11D3-BF4B-00C04F79EFBC}") = "PrimeNumber", "PrimeNumber.csproj", "{728E27EF-5C65-4BC9-B6CF-13FD18BFD65F}"
EndProject
Global
	GlobalSection(SolutionConfigurationPlatforms) = preSolution
		Debug|Any CPU = Debug|Any CPU
		Release|Any CPU = Release|Any CPU
	EndGlobalSection
	GlobalSection(ProjectConfigurationPlatforms) = postSolution
		{728E27EF-5C65-4BC9-B6CF-13FD18BFD65F}.Debug|Any CPU.ActiveCfg = Debug|Any CPU
		{728E27EF-5C65-4BC9-B6CF-13FD18BFD65F}.Debug|Any CPU.Build.0 = Debug|Any CPU
		{728E27EF-5C65-4BC9-B6CF-13FD18BFD65F}.Release|Any CPU.ActiveCfg = Release|Any CPU
		{728E27EF-5C65-4BC9-B6CF-13FD18BFD65F}.Release|Any CPU.Build.0 = Release|Any CPU
	EndGlobalSection
	GlobalSection(SolutionProperties) = preSolution
		HideSolutionNode = FALSE
	EndGlobalSection
	GlobalSection(ExtensibilityGlobals) = postSolution
		SolutionGuid = {2AFC7996-4C2F-483F-B32F-47B95977414E}
	EndGlobalSection
EndGlobal
